
Microsoft Visual Studio Solution File, Format Version 12.00
# Visual Studio Version 17
VisualStudioVersion = 17.3.32929.385
MinimumVisualStudioVersion = 10.0.40219.1
Project("{FAE04EC0-301F-11D3-BF4B-00C04F79EFBC}") = "XOforms", "XOforms\XOforms.csproj", "{FB39C04B-152C-4487-91DB-CA0766E322BE}"
EndProject
Global
	GlobalSection(SolutionConfigurationPlatforms) = preSolution
		Debug|Any CPU = Debug|Any CPU
		Release|Any CPU = Release|Any CPU
	EndGlobalSection
	GlobalSection(ProjectConfigurationPlatforms) = postSolution
		{FB39C04B-152C-4487-91DB-CA0766E322BE}.Debug|Any CPU.ActiveCfg = Debug|Any CPU
		{FB39C04B-152C-4487-91DB-CA0766E322BE}.Debug|Any CPU.Build.0 = Debug|Any CPU
		{FB39C04B-152C-4487-91DB-CA0766E322BE}.Release|Any CPU.ActiveCfg = Release|Any CPU
		{FB39C04B-152C-4487-91DB-CA0766E322BE}.Release|Any CPU.Build.0 = Release|Any CPU
	EndGlobalSection
	GlobalSection(SolutionProperties) = preSolution
		HideSolutionNode = FALSE
	EndGlobalSection
	GlobalSection(ExtensibilityGlobals) = postSolution
		SolutionGuid = {D04F4EB9-38A4-424C-856A-13614845BABE}
	EndGlobalSection
EndGlobal
